
Microsoft Visual Studio Solution File, Format Version 12.00
# Visual Studio 15
VisualStudioVersion = 15.0.33801.198
MinimumVisualStudioVersion = 10.0.40219.1
Project("{9A19103F-16F7-4668-BE54-9A1E7A4F7556}") = "Server", "Server\Server.csproj", "{F16FC23D-1DA6-4A02-A54B-874F7F6D4D63}"
EndProject
Project("{FAE04EC0-301F-11D3-BF4B-00C04F79EFBC}") = "Connect4Game", "Connect4Game\Connect4Game.csproj", "{1C47C01F-6F51-4E15-A4FE-15F28A85A1FE}"
EndProject
Project("{FAE04EC0-301F-11D3-BF4B-00C04F79EFBC}") = "GameManager", "GameManager\GameManager.csproj", "{54067D6C-0F44-4108-8FB8-B8232FED89AA}"
EndProject
Global
	GlobalSection(SolutionConfigurationPlatforms) = preSolution
		Debug|Any CPU = Debug|Any CPU
		Release|Any CPU = Release|Any CPU
	EndGlobalSection
	GlobalSection(ProjectConfigurationPlatforms) = postSolution
		{F16FC23D-1DA6-4A02-A54B-874F7F6D4D63}.Debug|Any CPU.ActiveCfg = Debug|Any CPU
		{F16FC23D-1DA6-4A02-A54B-874F7F6D4D63}.Debug|Any CPU.Build.0 = Debug|Any CPU
		{F16FC23D-1DA6-4A02-A54B-874F7F6D4D63}.Release|Any CPU.ActiveCfg = Release|Any CPU
		{F16FC23D-1DA6-4A02-A54B-874F7F6D4D63}.Release|Any CPU.Build.0 = Release|Any CPU
		{1C47C01F-6F51-4E15-A4FE-15F28A85A1FE}.Debug|Any CPU.ActiveCfg = Debug|Any CPU
		{1C47C01F-6F51-4E15-A4FE-15F28A85A1FE}.Debug|Any CPU.Build.0 = Debug|Any CPU
		{1C47C01F-6F51-4E15-A4FE-15F28A85A1FE}.Release|Any CPU.ActiveCfg = Release|Any CPU
		{1C47C01F-6F51-4E15-A4FE-15F28A85A1FE}.Release|Any CPU.Build.0 = Release|Any CPU
		{54067D6C-0F44-4108-8FB8-B8232FED89AA}.Debug|Any CPU.ActiveCfg = Debug|Any CPU
		{54067D6C-0F44-4108-8FB8-B8232FED89AA}.Debug|Any CPU.Build.0 = Debug|Any CPU
		{54067D6C-0F44-4108-8FB8-B8232FED89AA}.Release|Any CPU.ActiveCfg = Release|Any CPU
		{54067D6C-0F44-4108-8FB8-B8232FED89AA}.Release|Any CPU.Build.0 = Release|Any CPU
	EndGlobalSection
	GlobalSection(SolutionProperties) = preSolution
		HideSolutionNode = FALSE
	EndGlobalSection
	GlobalSection(ExtensibilityGlobals) = postSolution
		SolutionGuid = {2CB838F5-2BC8-466E-B382-DFCD006C3EBC}
	EndGlobalSection
EndGlobal
